{
  "lockfile_version": "1",
  "packages": {
    "clang@latest": {
      "last_modified": "2024-09-02T11:22:49Z",
      "resolved": "github:NixOS/nixpkgs/51b45dc262830ab95c7b9b039bb4f911d4b2509b#clang",
      "source": "devbox-search",
      "version": "18.1.8",
      "systems": {
        "aarch64-linux": {
          "outputs": [
            {
              "name": "out",
              "path": "/nix/store/41gx1l8rp0jvwxikhja5xpcc8vn5wb0g-clang-wrapper-18.1.8",
              "default": true
            }
          ],
          "store_path": "/nix/store/41gx1l8rp0jvwxikhja5xpcc8vn5wb0g-clang-wrapper-18.1.8"
        },
        "x86_64-linux": {
          "outputs": [
            {
              "name": "out",
              "path": "/nix/store/jp7haqy22790sirigbjlfr10m170a7sy-clang-wrapper-18.1.8",
              "default": true
            }
          ],
          "store_path": "/nix/store/jp7haqy22790sirigbjlfr10m170a7sy-clang-wrapper-18.1.8"
        }
      }
    },
    "poetry@latest": {
      "last_modified": "2024-08-31T10:12:23Z",
      "plugin_version": "0.0.4",
      "resolved": "github:NixOS/nixpkgs/5629520edecb69630a3f4d17d3d33fc96c13f6fe#poetry",
      "source": "devbox-search",
      "version": "1.8.3",
      "systems": {
        "aarch64-darwin": {
          "outputs": [
            {
              "name": "out",
              "path": "/nix/store/vzr6bly4qcqrqr661gqpfy2mapm8d30l-python3.12-poetry-1.8.3",
              "default": true
            },
            {
              "name": "dist",
              "path": "/nix/store/qgcbfjs7kkm864wvc85wbi0m3f3zvrf7-python3.12-poetry-1.8.3-dist"
            }
          ],
          "store_path": "/nix/store/vzr6bly4qcqrqr661gqpfy2mapm8d30l-python3.12-poetry-1.8.3"
        },
        "aarch64-linux": {
          "outputs": [
            {
              "name": "out",
              "path": "/nix/store/py56hapw39pl2i8ycyx968isrfbink6p-python3.12-poetry-1.8.3",
              "default": true
            },
            {
              "name": "dist",
              "path": "/nix/store/f8qn8sn1y3nh93dc9s72zysxg26zng2l-python3.12-poetry-1.8.3-dist"
            }
          ],
          "store_path": "/nix/store/py56hapw39pl2i8ycyx968isrfbink6p-python3.12-poetry-1.8.3"
        },
        "x86_64-darwin": {
          "outputs": [
            {
              "name": "out",
              "path": "/nix/store/arlic4svsrnl5b2hhzprn79x1v0hd1m4-python3.12-poetry-1.8.3",
              "default": true
            },
            {
              "name": "dist",
              "path": "/nix/store/gqy3h9n1jh4z32kkj8zl2q6wahi40p5g-python3.12-poetry-1.8.3-dist"
            }
          ],
          "store_path": "/nix/store/arlic4svsrnl5b2hhzprn79x1v0hd1m4-python3.12-poetry-1.8.3"
        },
        "x86_64-linux": {
          "outputs": [
            {
              "name": "out",
              "path": "/nix/store/2i30g200wv0wcrp77l8wgq66czz7fqk0-python3.12-poetry-1.8.3",
              "default": true
            },
            {
              "name": "dist",
              "path": "/nix/store/5nj8j5kim5gy5kmhz9cybxilcqkzfdvd-python3.12-poetry-1.8.3-dist"
            }
          ],
          "store_path": "/nix/store/2i30g200wv0wcrp77l8wgq66czz7fqk0-python3.12-poetry-1.8.3"
        }
      }
    },
    "python@3.12": {
      "last_modified": "2024-08-31T10:12:23Z",
      "plugin_version": "0.0.3",
      "resolved": "github:NixOS/nixpkgs/5629520edecb69630a3f4d17d3d33fc96c13f6fe#python3",
      "source": "devbox-search",
      "version": "3.12.5",
      "systems": {
        "aarch64-darwin": {
          "outputs": [
            {
              "name": "out",
              "path": "/nix/store/75j38g8ii1nqkmpf6sdlj3s5dyah3gas-python3-3.12.5",
              "default": true
            }
          ],
          "store_path": "/nix/store/75j38g8ii1nqkmpf6sdlj3s5dyah3gas-python3-3.12.5"
        },
        "aarch64-linux": {
          "outputs": [
            {
              "name": "out",
              "path": "/nix/store/ajjwc8k8sk3ksrl3dq4fsg83m1j8n8s3-python3-3.12.5",
              "default": true
            },
            {
              "name": "debug",
              "path": "/nix/store/9qvs74485a1v5255w2ps0xf4rxww6w89-python3-3.12.5-debug"
            }
          ],
          "store_path": "/nix/store/ajjwc8k8sk3ksrl3dq4fsg83m1j8n8s3-python3-3.12.5"
        },
        "x86_64-darwin": {
          "outputs": [
            {
              "name": "out",
              "path": "/nix/store/rv3rj95fxv57c7qwgl43qa7n0fabdy0a-python3-3.12.5",
              "default": true
            }
          ],
          "store_path": "/nix/store/rv3rj95fxv57c7qwgl43qa7n0fabdy0a-python3-3.12.5"
        },
        "x86_64-linux": {
          "outputs": [
            {
              "name": "out",
              "path": "/nix/store/pgb120fb7srbh418v4i2a70aq1w9dawd-python3-3.12.5",
              "default": true
            },
            {
              "name": "debug",
              "path": "/nix/store/4ws5lqhgsxdpfb924n49ma6ll7i8x0hf-python3-3.12.5-debug"
            }
          ],
          "store_path": "/nix/store/pgb120fb7srbh418v4i2a70aq1w9dawd-python3-3.12.5"
        }
      }
    }
  }
}
